
Microsoft Visual Studio Solution File, Format Version 11.00
# Visual Studio 2010
Project("{FAE04EC0-301F-11D3-BF4B-00C04F79EFBC}") = "VuforiaScripts", "VuforiaScripts.csproj", "{53754C87-0CD7-4A99-D96A-65B529B99744}"
EndProject
Project("{FAE04EC0-301F-11D3-BF4B-00C04F79EFBC}") = "Assembly-CSharp", "Assembly-CSharp.csproj", "{568077F7-6C2B-9C04-2585-04D2B71FC4FF}"
EndProject
Project("{FAE04EC0-301F-11D3-BF4B-00C04F79EFBC}") = "VuforiaEditorScripts", "VuforiaEditorScripts.csproj", "{92D6E2D7-4475-A032-8858-3B3E4060D368}"
EndProject
Global
	GlobalSection(SolutionConfigurationPlatforms) = preSolution
		Debug|Any CPU = Debug|Any CPU
		Release|Any CPU = Release|Any CPU
	EndGlobalSection
	GlobalSection(ProjectConfigurationPlatforms) = postSolution
		{53754C87-0CD7-4A99-D96A-65B529B99744}.Debug|Any CPU.ActiveCfg = Debug|Any CPU
		{53754C87-0CD7-4A99-D96A-65B529B99744}.Debug|Any CPU.Build.0 = Debug|Any CPU
		{53754C87-0CD7-4A99-D96A-65B529B99744}.Release|Any CPU.ActiveCfg = Release|Any CPU
		{53754C87-0CD7-4A99-D96A-65B529B99744}.Release|Any CPU.Build.0 = Release|Any CPU
		{568077F7-6C2B-9C04-2585-04D2B71FC4FF}.Debug|Any CPU.ActiveCfg = Debug|Any CPU
		{568077F7-6C2B-9C04-2585-04D2B71FC4FF}.Debug|Any CPU.Build.0 = Debug|Any CPU
		{568077F7-6C2B-9C04-2585-04D2B71FC4FF}.Release|Any CPU.ActiveCfg = Release|Any CPU
		{568077F7-6C2B-9C04-2585-04D2B71FC4FF}.Release|Any CPU.Build.0 = Release|Any CPU
		{92D6E2D7-4475-A032-8858-3B3E4060D368}.Debug|Any CPU.ActiveCfg = Debug|Any CPU
		{92D6E2D7-4475-A032-8858-3B3E4060D368}.Debug|Any CPU.Build.0 = Debug|Any CPU
		{92D6E2D7-4475-A032-8858-3B3E4060D368}.Release|Any CPU.ActiveCfg = Release|Any CPU
		{92D6E2D7-4475-A032-8858-3B3E4060D368}.Release|Any CPU.Build.0 = Release|Any CPU
	EndGlobalSection
	GlobalSection(SolutionProperties) = preSolution
		HideSolutionNode = FALSE
	EndGlobalSection
	GlobalSection(MonoDevelopProperties) = preSolution
		StartupItem = Assembly-CSharp.csproj
	EndGlobalSection
EndGlobal
